{
  "name": "ngx-sparkout-chatbot",
  "version": "0.0.3",
  "lockfileVersion": 3,
  "requires": true,
  "packages": {
    "": {
      "name": "ngx-sparkout-chatbot",
      "version": "0.0.3",
      "license": "MIT",
      "dependencies": {
        "tslib": "^2.3.0"
      },
      "peerDependencies": {
        "@angular/common": "^12.2.0",
        "@angular/core": "^12.2.0"
      }
    },
    "node_modules/tslib": {
      "version": "2.6.1",
      "license": "0BSD"
    }
  }
}
